
Microsoft Visual Studio Solution File, Format Version 12.00
# Visual Studio Version 17
VisualStudioVersion = 17.10.34928.147
MinimumVisualStudioVersion = 10.0.40219.1
Project("{9A19103F-16F7-4668-BE54-9A1E7A4F7556}") = "Triangle", "Triangle.NET-master\src\Triangle\Triangle.csproj", "{7FDAA4F9-F300-4FDD-B5AE-F43BC0D44EF4}"
EndProject
Project("{9A19103F-16F7-4668-BE54-9A1E7A4F7556}") = "CalculixSolver_old", "CalculixSolver_old\CalculixSolver_old.csproj", "{331FF806-0B22-4527-9553-AAAC8A27CA54}"
EndProject
Project("{2150E333-8FDC-42A3-9474-1A3956D46DE8}") = "old", "old", "{63AB38B4-5845-445C-9C2F-008B55B7793F}"
EndProject
Project("{9A19103F-16F7-4668-BE54-9A1E7A4F7556}") = "Shared", "src\Shared\Shared.csproj", "{A9AF4989-7A92-4587-AAFC-81036028F663}"
EndProject
Project("{9A19103F-16F7-4668-BE54-9A1E7A4F7556}") = "Infrastructure", "src\Infrastructure\Infrastructure.csproj", "{4628CD4A-8C19-4BA5-B5A0-AC0A1917C594}"
EndProject
Project("{9A19103F-16F7-4668-BE54-9A1E7A4F7556}") = "Dashboard.Server", "src\Dashboard.Server\Dashboard.Server.csproj", "{72B43779-DA45-44FB-9297-19A9483A1528}"
EndProject
Project("{54A90642-561A-4BB1-A94E-469ADEE60C69}") = "dashboard.client", "src\dashboard.client\dashboard.client.esproj", "{1DD2584B-1BDD-4570-B48A-07E4538B87E0}"
EndProject
Project("{9A19103F-16F7-4668-BE54-9A1E7A4F7556}") = "CalculationActivities", "src\CalculationActivities\CalculationActivities.csproj", "{70706D63-C78B-4C80-9697-209FD60C5FFF}"
EndProject
Project("{9A19103F-16F7-4668-BE54-9A1E7A4F7556}") = "SagaCoordinator", "src\SagaCoordinator\SagaCoordinator.csproj", "{17FF235E-02D9-4DEC-A4FE-FF21AD26983D}"
EndProject
Project("{9A19103F-16F7-4668-BE54-9A1E7A4F7556}") = "TriangulatorWorker", "src\TriangulatorWorker\TriangulatorWorker.csproj", "{4DA255E9-F687-4E7F-A2E7-BA7374266622}"
EndProject
Project("{9A19103F-16F7-4668-BE54-9A1E7A4F7556}") = "StructureGeneratorWorker", "src\StructureGeneratorWorker\StructureGeneratorWorker.csproj", "{B0CC2D4B-3459-49E4-BEE6-B3B4DC89F169}"
EndProject
Project("{2150E333-8FDC-42A3-9474-1A3956D46DE8}") = "Workers", "Workers", "{515E6BD3-C5E4-4130-B4E0-F5671F2141E5}"
EndProject
Project("{2150E333-8FDC-42A3-9474-1A3956D46DE8}") = "Solution Items", "Solution Items", "{0FBAF3B6-0A81-48CB-844D-EF11CFC122F6}"
	ProjectSection(SolutionItems) = preProject
		run.ps1 = run.ps1
	EndProjectSection
EndProject
Project("{9A19103F-16F7-4668-BE54-9A1E7A4F7556}") = "FacadeGeneratorWorker", "src\FacadeGeneratorWorker\FacadeGeneratorWorker.csproj", "{04110E07-056E-4765-B422-4DB179B66548}"
EndProject
Project("{9A19103F-16F7-4668-BE54-9A1E7A4F7556}") = "CalculixInputGeneratorWorker", "src\CalculixInputGeneratorWorker\CalculixInputGeneratorWorker.csproj", "{7E1E25A9-0A0A-4839-B03A-F289F4B14992}"
EndProject
Project("{9A19103F-16F7-4668-BE54-9A1E7A4F7556}") = "CalculixResultParserWorker", "src\CalculixResultParserWorker\CalculixResultParserWorker.csproj", "{496865BD-7DBF-4311-A0A1-0C7D33905A70}"
EndProject
Project("{9A19103F-16F7-4668-BE54-9A1E7A4F7556}") = "ResultFilterWorker", "src\ResultFilterWorker\ResultFilterWorker.csproj", "{74C948B2-9A49-4690-8CFB-AC87D944E7EB}"
EndProject
Project("{9A19103F-16F7-4668-BE54-9A1E7A4F7556}") = "ImperfectionGeneratorWorker", "src\ImperfectionGeneratorWorker\ImperfectionGeneratorWorker.csproj", "{64E2B4D3-C81B-44E9-84E9-9A4A374B6094}"
EndProject
Project("{9A19103F-16F7-4668-BE54-9A1E7A4F7556}") = "BucklingShapeNormalizationWorker", "src\BucklingShapeNormalizationWorker\BucklingShapeNormalizationWorker.csproj", "{0F9CB302-6740-4DD2-B6D9-FD75418216D1}"
EndProject
Project("{9A19103F-16F7-4668-BE54-9A1E7A4F7556}") = "WebStorage", "src\WebStorage\WebStorage.csproj", "{E5485F0A-0E62-44AE-BEB4-E867789D3998}"
EndProject
Project("{9A19103F-16F7-4668-BE54-9A1E7A4F7556}") = "CalculixBeamGeneration", "CalculixBeamGeneration\CalculixBeamGeneration.csproj", "{B88E4242-B075-468F-A7A9-34729F336286}"
EndProject
Project("{9A19103F-16F7-4668-BE54-9A1E7A4F7556}") = "CalculixSolverWorker", "src\CalculixSolverWorker\CalculixSolverWorker.csproj", "{3D8AE9B4-9CF3-41B7-A0F6-5B450DA1B5CC}"
EndProject
Global
	GlobalSection(SolutionConfigurationPlatforms) = preSolution
		Debug|Any CPU = Debug|Any CPU
		Debug|x64 = Debug|x64
		Release|Any CPU = Release|Any CPU
		Release|x64 = Release|x64
	EndGlobalSection
	GlobalSection(ProjectConfigurationPlatforms) = postSolution
		{7FDAA4F9-F300-4FDD-B5AE-F43BC0D44EF4}.Debug|Any CPU.ActiveCfg = Debug|Any CPU
		{7FDAA4F9-F300-4FDD-B5AE-F43BC0D44EF4}.Debug|Any CPU.Build.0 = Debug|Any CPU
		{7FDAA4F9-F300-4FDD-B5AE-F43BC0D44EF4}.Debug|x64.ActiveCfg = Debug|x64
		{7FDAA4F9-F300-4FDD-B5AE-F43BC0D44EF4}.Debug|x64.Build.0 = Debug|x64
		{7FDAA4F9-F300-4FDD-B5AE-F43BC0D44EF4}.Release|Any CPU.ActiveCfg = Release|Any CPU
		{7FDAA4F9-F300-4FDD-B5AE-F43BC0D44EF4}.Release|Any CPU.Build.0 = Release|Any CPU
		{7FDAA4F9-F300-4FDD-B5AE-F43BC0D44EF4}.Release|x64.ActiveCfg = Release|x64
		{7FDAA4F9-F300-4FDD-B5AE-F43BC0D44EF4}.Release|x64.Build.0 = Release|x64
		{331FF806-0B22-4527-9553-AAAC8A27CA54}.Debug|Any CPU.ActiveCfg = Debug|Any CPU
		{331FF806-0B22-4527-9553-AAAC8A27CA54}.Debug|Any CPU.Build.0 = Debug|Any CPU
		{331FF806-0B22-4527-9553-AAAC8A27CA54}.Debug|x64.ActiveCfg = Debug|Any CPU
		{331FF806-0B22-4527-9553-AAAC8A27CA54}.Debug|x64.Build.0 = Debug|Any CPU
		{331FF806-0B22-4527-9553-AAAC8A27CA54}.Release|Any CPU.ActiveCfg = Release|Any CPU
		{331FF806-0B22-4527-9553-AAAC8A27CA54}.Release|Any CPU.Build.0 = Release|Any CPU
		{331FF806-0B22-4527-9553-AAAC8A27CA54}.Release|x64.ActiveCfg = Release|Any CPU
		{331FF806-0B22-4527-9553-AAAC8A27CA54}.Release|x64.Build.0 = Release|Any CPU
		{A9AF4989-7A92-4587-AAFC-81036028F663}.Debug|Any CPU.ActiveCfg = Debug|Any CPU
		{A9AF4989-7A92-4587-AAFC-81036028F663}.Debug|Any CPU.Build.0 = Debug|Any CPU
		{A9AF4989-7A92-4587-AAFC-81036028F663}.Debug|x64.ActiveCfg = Debug|Any CPU
		{A9AF4989-7A92-4587-AAFC-81036028F663}.Debug|x64.Build.0 = Debug|Any CPU
		{A9AF4989-7A92-4587-AAFC-81036028F663}.Release|Any CPU.ActiveCfg = Release|Any CPU
		{A9AF4989-7A92-4587-AAFC-81036028F663}.Release|Any CPU.Build.0 = Release|Any CPU
		{A9AF4989-7A92-4587-AAFC-81036028F663}.Release|x64.ActiveCfg = Release|Any CPU
		{A9AF4989-7A92-4587-AAFC-81036028F663}.Release|x64.Build.0 = Release|Any CPU
		{4628CD4A-8C19-4BA5-B5A0-AC0A1917C594}.Debug|Any CPU.ActiveCfg = Debug|Any CPU
		{4628CD4A-8C19-4BA5-B5A0-AC0A1917C594}.Debug|Any CPU.Build.0 = Debug|Any CPU
		{4628CD4A-8C19-4BA5-B5A0-AC0A1917C594}.Debug|x64.ActiveCfg = Debug|Any CPU
		{4628CD4A-8C19-4BA5-B5A0-AC0A1917C594}.Debug|x64.Build.0 = Debug|Any CPU
		{4628CD4A-8C19-4BA5-B5A0-AC0A1917C594}.Release|Any CPU.ActiveCfg = Release|Any CPU
		{4628CD4A-8C19-4BA5-B5A0-AC0A1917C594}.Release|Any CPU.Build.0 = Release|Any CPU
		{4628CD4A-8C19-4BA5-B5A0-AC0A1917C594}.Release|x64.ActiveCfg = Release|Any CPU
		{4628CD4A-8C19-4BA5-B5A0-AC0A1917C594}.Release|x64.Build.0 = Release|Any CPU
		{72B43779-DA45-44FB-9297-19A9483A1528}.Debug|Any CPU.ActiveCfg = Debug|Any CPU
		{72B43779-DA45-44FB-9297-19A9483A1528}.Debug|Any CPU.Build.0 = Debug|Any CPU
		{72B43779-DA45-44FB-9297-19A9483A1528}.Debug|x64.ActiveCfg = Debug|Any CPU
		{72B43779-DA45-44FB-9297-19A9483A1528}.Debug|x64.Build.0 = Debug|Any CPU
		{72B43779-DA45-44FB-9297-19A9483A1528}.Release|Any CPU.ActiveCfg = Release|Any CPU
		{72B43779-DA45-44FB-9297-19A9483A1528}.Release|Any CPU.Build.0 = Release|Any CPU
		{72B43779-DA45-44FB-9297-19A9483A1528}.Release|x64.ActiveCfg = Release|Any CPU
		{72B43779-DA45-44FB-9297-19A9483A1528}.Release|x64.Build.0 = Release|Any CPU
		{1DD2584B-1BDD-4570-B48A-07E4538B87E0}.Debug|Any CPU.ActiveCfg = Debug|Any CPU
		{1DD2584B-1BDD-4570-B48A-07E4538B87E0}.Debug|Any CPU.Build.0 = Debug|Any CPU
		{1DD2584B-1BDD-4570-B48A-07E4538B87E0}.Debug|Any CPU.Deploy.0 = Debug|Any CPU
		{1DD2584B-1BDD-4570-B48A-07E4538B87E0}.Debug|x64.ActiveCfg = Debug|Any CPU
		{1DD2584B-1BDD-4570-B48A-07E4538B87E0}.Debug|x64.Build.0 = Debug|Any CPU
		{1DD2584B-1BDD-4570-B48A-07E4538B87E0}.Debug|x64.Deploy.0 = Debug|Any CPU
		{1DD2584B-1BDD-4570-B48A-07E4538B87E0}.Release|Any CPU.ActiveCfg = Release|Any CPU
		{1DD2584B-1BDD-4570-B48A-07E4538B87E0}.Release|Any CPU.Build.0 = Release|Any CPU
		{1DD2584B-1BDD-4570-B48A-07E4538B87E0}.Release|Any CPU.Deploy.0 = Release|Any CPU
		{1DD2584B-1BDD-4570-B48A-07E4538B87E0}.Release|x64.ActiveCfg = Release|Any CPU
		{1DD2584B-1BDD-4570-B48A-07E4538B87E0}.Release|x64.Build.0 = Release|Any CPU
		{1DD2584B-1BDD-4570-B48A-07E4538B87E0}.Release|x64.Deploy.0 = Release|Any CPU
		{70706D63-C78B-4C80-9697-209FD60C5FFF}.Debug|Any CPU.ActiveCfg = Debug|Any CPU
		{70706D63-C78B-4C80-9697-209FD60C5FFF}.Debug|Any CPU.Build.0 = Debug|Any CPU
		{70706D63-C78B-4C80-9697-209FD60C5FFF}.Debug|x64.ActiveCfg = Debug|Any CPU
		{70706D63-C78B-4C80-9697-209FD60C5FFF}.Debug|x64.Build.0 = Debug|Any CPU
		{70706D63-C78B-4C80-9697-209FD60C5FFF}.Release|Any CPU.ActiveCfg = Release|Any CPU
		{70706D63-C78B-4C80-9697-209FD60C5FFF}.Release|Any CPU.Build.0 = Release|Any CPU
		{70706D63-C78B-4C80-9697-209FD60C5FFF}.Release|x64.ActiveCfg = Release|Any CPU
		{70706D63-C78B-4C80-9697-209FD60C5FFF}.Release|x64.Build.0 = Release|Any CPU
		{17FF235E-02D9-4DEC-A4FE-FF21AD26983D}.Debug|Any CPU.ActiveCfg = Debug|Any CPU
		{17FF235E-02D9-4DEC-A4FE-FF21AD26983D}.Debug|Any CPU.Build.0 = Debug|Any CPU
		{17FF235E-02D9-4DEC-A4FE-FF21AD26983D}.Debug|x64.ActiveCfg = Debug|Any CPU
		{17FF235E-02D9-4DEC-A4FE-FF21AD26983D}.Debug|x64.Build.0 = Debug|Any CPU
		{17FF235E-02D9-4DEC-A4FE-FF21AD26983D}.Release|Any CPU.ActiveCfg = Release|Any CPU
		{17FF235E-02D9-4DEC-A4FE-FF21AD26983D}.Release|Any CPU.Build.0 = Release|Any CPU
		{17FF235E-02D9-4DEC-A4FE-FF21AD26983D}.Release|x64.ActiveCfg = Release|Any CPU
		{17FF235E-02D9-4DEC-A4FE-FF21AD26983D}.Release|x64.Build.0 = Release|Any CPU
		{4DA255E9-F687-4E7F-A2E7-BA7374266622}.Debug|Any CPU.ActiveCfg = Debug|Any CPU
		{4DA255E9-F687-4E7F-A2E7-BA7374266622}.Debug|Any CPU.Build.0 = Debug|Any CPU
		{4DA255E9-F687-4E7F-A2E7-BA7374266622}.Debug|x64.ActiveCfg = Debug|Any CPU
		{4DA255E9-F687-4E7F-A2E7-BA7374266622}.Debug|x64.Build.0 = Debug|Any CPU
		{4DA255E9-F687-4E7F-A2E7-BA7374266622}.Release|Any CPU.ActiveCfg = Release|Any CPU
		{4DA255E9-F687-4E7F-A2E7-BA7374266622}.Release|Any CPU.Build.0 = Release|Any CPU
		{4DA255E9-F687-4E7F-A2E7-BA7374266622}.Release|x64.ActiveCfg = Release|Any CPU
		{4DA255E9-F687-4E7F-A2E7-BA7374266622}.Release|x64.Build.0 = Release|Any CPU
		{B0CC2D4B-3459-49E4-BEE6-B3B4DC89F169}.Debug|Any CPU.ActiveCfg = Debug|Any CPU
		{B0CC2D4B-3459-49E4-BEE6-B3B4DC89F169}.Debug|Any CPU.Build.0 = Debug|Any CPU
		{B0CC2D4B-3459-49E4-BEE6-B3B4DC89F169}.Debug|x64.ActiveCfg = Debug|Any CPU
		{B0CC2D4B-3459-49E4-BEE6-B3B4DC89F169}.Debug|x64.Build.0 = Debug|Any CPU
		{B0CC2D4B-3459-49E4-BEE6-B3B4DC89F169}.Release|Any CPU.ActiveCfg = Release|Any CPU
		{B0CC2D4B-3459-49E4-BEE6-B3B4DC89F169}.Release|Any CPU.Build.0 = Release|Any CPU
		{B0CC2D4B-3459-49E4-BEE6-B3B4DC89F169}.Release|x64.ActiveCfg = Release|Any CPU
		{B0CC2D4B-3459-49E4-BEE6-B3B4DC89F169}.Release|x64.Build.0 = Release|Any CPU
		{04110E07-056E-4765-B422-4DB179B66548}.Debug|Any CPU.ActiveCfg = Debug|Any CPU
		{04110E07-056E-4765-B422-4DB179B66548}.Debug|Any CPU.Build.0 = Debug|Any CPU
		{04110E07-056E-4765-B422-4DB179B66548}.Debug|x64.ActiveCfg = Debug|Any CPU
		{04110E07-056E-4765-B422-4DB179B66548}.Debug|x64.Build.0 = Debug|Any CPU
		{04110E07-056E-4765-B422-4DB179B66548}.Release|Any CPU.ActiveCfg = Release|Any CPU
		{04110E07-056E-4765-B422-4DB179B66548}.Release|Any CPU.Build.0 = Release|Any CPU
		{04110E07-056E-4765-B422-4DB179B66548}.Release|x64.ActiveCfg = Release|Any CPU
		{04110E07-056E-4765-B422-4DB179B66548}.Release|x64.Build.0 = Release|Any CPU
		{7E1E25A9-0A0A-4839-B03A-F289F4B14992}.Debug|Any CPU.ActiveCfg = Debug|Any CPU
		{7E1E25A9-0A0A-4839-B03A-F289F4B14992}.Debug|Any CPU.Build.0 = Debug|Any CPU
		{7E1E25A9-0A0A-4839-B03A-F289F4B14992}.Debug|x64.ActiveCfg = Debug|Any CPU
		{7E1E25A9-0A0A-4839-B03A-F289F4B14992}.Debug|x64.Build.0 = Debug|Any CPU
		{7E1E25A9-0A0A-4839-B03A-F289F4B14992}.Release|Any CPU.ActiveCfg = Release|Any CPU
		{7E1E25A9-0A0A-4839-B03A-F289F4B14992}.Release|Any CPU.Build.0 = Release|Any CPU
		{7E1E25A9-0A0A-4839-B03A-F289F4B14992}.Release|x64.ActiveCfg = Release|Any CPU
		{7E1E25A9-0A0A-4839-B03A-F289F4B14992}.Release|x64.Build.0 = Release|Any CPU
		{496865BD-7DBF-4311-A0A1-0C7D33905A70}.Debug|Any CPU.ActiveCfg = Debug|Any CPU
		{496865BD-7DBF-4311-A0A1-0C7D33905A70}.Debug|Any CPU.Build.0 = Debug|Any CPU
		{496865BD-7DBF-4311-A0A1-0C7D33905A70}.Debug|x64.ActiveCfg = Debug|Any CPU
		{496865BD-7DBF-4311-A0A1-0C7D33905A70}.Debug|x64.Build.0 = Debug|Any CPU
		{496865BD-7DBF-4311-A0A1-0C7D33905A70}.Release|Any CPU.ActiveCfg = Release|Any CPU
		{496865BD-7DBF-4311-A0A1-0C7D33905A70}.Release|Any CPU.Build.0 = Release|Any CPU
		{496865BD-7DBF-4311-A0A1-0C7D33905A70}.Release|x64.ActiveCfg = Release|Any CPU
		{496865BD-7DBF-4311-A0A1-0C7D33905A70}.Release|x64.Build.0 = Release|Any CPU
		{74C948B2-9A49-4690-8CFB-AC87D944E7EB}.Debug|Any CPU.ActiveCfg = Debug|Any CPU
		{74C948B2-9A49-4690-8CFB-AC87D944E7EB}.Debug|Any CPU.Build.0 = Debug|Any CPU
		{74C948B2-9A49-4690-8CFB-AC87D944E7EB}.Debug|x64.ActiveCfg = Debug|Any CPU
		{74C948B2-9A49-4690-8CFB-AC87D944E7EB}.Debug|x64.Build.0 = Debug|Any CPU
		{74C948B2-9A49-4690-8CFB-AC87D944E7EB}.Release|Any CPU.ActiveCfg = Release|Any CPU
		{74C948B2-9A49-4690-8CFB-AC87D944E7EB}.Release|Any CPU.Build.0 = Release|Any CPU
		{74C948B2-9A49-4690-8CFB-AC87D944E7EB}.Release|x64.ActiveCfg = Release|Any CPU
		{74C948B2-9A49-4690-8CFB-AC87D944E7EB}.Release|x64.Build.0 = Release|Any CPU
		{64E2B4D3-C81B-44E9-84E9-9A4A374B6094}.Debug|Any CPU.ActiveCfg = Debug|Any CPU
		{64E2B4D3-C81B-44E9-84E9-9A4A374B6094}.Debug|Any CPU.Build.0 = Debug|Any CPU
		{64E2B4D3-C81B-44E9-84E9-9A4A374B6094}.Debug|x64.ActiveCfg = Debug|Any CPU
		{64E2B4D3-C81B-44E9-84E9-9A4A374B6094}.Debug|x64.Build.0 = Debug|Any CPU
		{64E2B4D3-C81B-44E9-84E9-9A4A374B6094}.Release|Any CPU.ActiveCfg = Release|Any CPU
		{64E2B4D3-C81B-44E9-84E9-9A4A374B6094}.Release|Any CPU.Build.0 = Release|Any CPU
		{64E2B4D3-C81B-44E9-84E9-9A4A374B6094}.Release|x64.ActiveCfg = Release|Any CPU
		{64E2B4D3-C81B-44E9-84E9-9A4A374B6094}.Release|x64.Build.0 = Release|Any CPU
		{0F9CB302-6740-4DD2-B6D9-FD75418216D1}.Debug|Any CPU.ActiveCfg = Debug|Any CPU
		{0F9CB302-6740-4DD2-B6D9-FD75418216D1}.Debug|Any CPU.Build.0 = Debug|Any CPU
		{0F9CB302-6740-4DD2-B6D9-FD75418216D1}.Debug|x64.ActiveCfg = Debug|Any CPU
		{0F9CB302-6740-4DD2-B6D9-FD75418216D1}.Debug|x64.Build.0 = Debug|Any CPU
		{0F9CB302-6740-4DD2-B6D9-FD75418216D1}.Release|Any CPU.ActiveCfg = Release|Any CPU
		{0F9CB302-6740-4DD2-B6D9-FD75418216D1}.Release|Any CPU.Build.0 = Release|Any CPU
		{0F9CB302-6740-4DD2-B6D9-FD75418216D1}.Release|x64.ActiveCfg = Release|Any CPU
		{0F9CB302-6740-4DD2-B6D9-FD75418216D1}.Release|x64.Build.0 = Release|Any CPU
		{E5485F0A-0E62-44AE-BEB4-E867789D3998}.Debug|Any CPU.ActiveCfg = Debug|Any CPU
		{E5485F0A-0E62-44AE-BEB4-E867789D3998}.Debug|Any CPU.Build.0 = Debug|Any CPU
		{E5485F0A-0E62-44AE-BEB4-E867789D3998}.Debug|x64.ActiveCfg = Debug|Any CPU
		{E5485F0A-0E62-44AE-BEB4-E867789D3998}.Debug|x64.Build.0 = Debug|Any CPU
		{E5485F0A-0E62-44AE-BEB4-E867789D3998}.Release|Any CPU.ActiveCfg = Release|Any CPU
		{E5485F0A-0E62-44AE-BEB4-E867789D3998}.Release|Any CPU.Build.0 = Release|Any CPU
		{E5485F0A-0E62-44AE-BEB4-E867789D3998}.Release|x64.ActiveCfg = Release|Any CPU
		{E5485F0A-0E62-44AE-BEB4-E867789D3998}.Release|x64.Build.0 = Release|Any CPU
		{B88E4242-B075-468F-A7A9-34729F336286}.Debug|Any CPU.ActiveCfg = Debug|Any CPU
		{B88E4242-B075-468F-A7A9-34729F336286}.Debug|Any CPU.Build.0 = Debug|Any CPU
		{B88E4242-B075-468F-A7A9-34729F336286}.Debug|x64.ActiveCfg = Debug|Any CPU
		{B88E4242-B075-468F-A7A9-34729F336286}.Debug|x64.Build.0 = Debug|Any CPU
		{B88E4242-B075-468F-A7A9-34729F336286}.Release|Any CPU.ActiveCfg = Release|Any CPU
		{B88E4242-B075-468F-A7A9-34729F336286}.Release|Any CPU.Build.0 = Release|Any CPU
		{B88E4242-B075-468F-A7A9-34729F336286}.Release|x64.ActiveCfg = Release|Any CPU
		{B88E4242-B075-468F-A7A9-34729F336286}.Release|x64.Build.0 = Release|Any CPU
		{3D8AE9B4-9CF3-41B7-A0F6-5B450DA1B5CC}.Debug|Any CPU.ActiveCfg = Debug|Any CPU
		{3D8AE9B4-9CF3-41B7-A0F6-5B450DA1B5CC}.Debug|Any CPU.Build.0 = Debug|Any CPU
		{3D8AE9B4-9CF3-41B7-A0F6-5B450DA1B5CC}.Debug|x64.ActiveCfg = Debug|Any CPU
		{3D8AE9B4-9CF3-41B7-A0F6-5B450DA1B5CC}.Debug|x64.Build.0 = Debug|Any CPU
		{3D8AE9B4-9CF3-41B7-A0F6-5B450DA1B5CC}.Release|Any CPU.ActiveCfg = Release|Any CPU
		{3D8AE9B4-9CF3-41B7-A0F6-5B450DA1B5CC}.Release|Any CPU.Build.0 = Release|Any CPU
		{3D8AE9B4-9CF3-41B7-A0F6-5B450DA1B5CC}.Release|x64.ActiveCfg = Release|Any CPU
		{3D8AE9B4-9CF3-41B7-A0F6-5B450DA1B5CC}.Release|x64.Build.0 = Release|Any CPU
	EndGlobalSection
	GlobalSection(SolutionProperties) = preSolution
		HideSolutionNode = FALSE
	EndGlobalSection
	GlobalSection(NestedProjects) = preSolution
		{7FDAA4F9-F300-4FDD-B5AE-F43BC0D44EF4} = {63AB38B4-5845-445C-9C2F-008B55B7793F}
		{331FF806-0B22-4527-9553-AAAC8A27CA54} = {63AB38B4-5845-445C-9C2F-008B55B7793F}
		{4DA255E9-F687-4E7F-A2E7-BA7374266622} = {515E6BD3-C5E4-4130-B4E0-F5671F2141E5}
		{B0CC2D4B-3459-49E4-BEE6-B3B4DC89F169} = {515E6BD3-C5E4-4130-B4E0-F5671F2141E5}
		{04110E07-056E-4765-B422-4DB179B66548} = {515E6BD3-C5E4-4130-B4E0-F5671F2141E5}
		{7E1E25A9-0A0A-4839-B03A-F289F4B14992} = {515E6BD3-C5E4-4130-B4E0-F5671F2141E5}
		{496865BD-7DBF-4311-A0A1-0C7D33905A70} = {515E6BD3-C5E4-4130-B4E0-F5671F2141E5}
		{74C948B2-9A49-4690-8CFB-AC87D944E7EB} = {515E6BD3-C5E4-4130-B4E0-F5671F2141E5}
		{64E2B4D3-C81B-44E9-84E9-9A4A374B6094} = {515E6BD3-C5E4-4130-B4E0-F5671F2141E5}
		{0F9CB302-6740-4DD2-B6D9-FD75418216D1} = {515E6BD3-C5E4-4130-B4E0-F5671F2141E5}
		{B88E4242-B075-468F-A7A9-34729F336286} = {63AB38B4-5845-445C-9C2F-008B55B7793F}
		{3D8AE9B4-9CF3-41B7-A0F6-5B450DA1B5CC} = {515E6BD3-C5E4-4130-B4E0-F5671F2141E5}
	EndGlobalSection
	GlobalSection(ExtensibilityGlobals) = postSolution
		SolutionGuid = {7F912EF7-28C6-47C5-B59C-EFDFA5457067}
	EndGlobalSection
EndGlobal
